{
  "name": "app",
  "lockfileVersion": 3,
  "requires": true,
  "packages": {
    "": {
      "name": "app",
      "dependencies": {
        "@pepabo-inhouse/adapter": "^1.0.0",
        "@pepabo-inhouse/app-bar": "^1.0.0",
        "@pepabo-inhouse/avatar": "^1.0.0",
        "@pepabo-inhouse/bottom-navigation": "^1.0.0",
        "@pepabo-inhouse/button": "^1.0.0",
        "@pepabo-inhouse/cell": "^1.0.0",
        "@pepabo-inhouse/checkbox": "^1.0.0",
        "@pepabo-inhouse/components-web": "^1.0.0",
        "@pepabo-inhouse/constants": "^1.0.0",
        "@pepabo-inhouse/container": "^1.0.0",
        "@pepabo-inhouse/description-list": "^1.0.0",
        "@pepabo-inhouse/flavor": "^1.0.0",
        "@pepabo-inhouse/grid": "^1.0.0",
        "@pepabo-inhouse/header": "^1.0.0",
        "@pepabo-inhouse/icon": "^1.0.0",
        "@pepabo-inhouse/interactive-list": "^1.0.0",
        "@pepabo-inhouse/interactive-table": "^1.0.0",
        "@pepabo-inhouse/list": "^1.0.0",
        "@pepabo-inhouse/navigation-drawer": "^1.0.0",
        "@pepabo-inhouse/progress-indicator": "^1.0.0",
        "@pepabo-inhouse/radio": "^1.0.0",
        "@pepabo-inhouse/scrim": "^1.0.0",
        "@pepabo-inhouse/select": "^1.0.0",
        "@pepabo-inhouse/side-navigation": "^1.0.0",
        "@pepabo-inhouse/skeleton": "^1.0.0",
        "@pepabo-inhouse/table": "^1.0.0",
        "@pepabo-inhouse/textfield": "^1.0.0",
        "@pepabo-inhouse/thumbnail": "^1.0.0",
        "@pepabo-inhouse/tokens": "^0.14.0",
        "sass": "^1.72.0"
      }
    },
    "node_modules/@pepabo-inhouse/adapter": {
      "version": "1.0.0",
      "resolved": "https://registry.npmjs.org/@pepabo-inhouse/adapter/-/adapter-1.0.0.tgz",
      "integrity": "sha512-LeFAkIOPcEO53Lr6RHxbkRIol5GkxjGFOXxfpCQcEKSoQ6c+1NFkaPrl57CV2o6I9clK23lVRf73FQZ9uv1AkQ==",
      "dependencies": {
        "@pepabo-inhouse/constants": "^1.0.0"
      }
    },
    "node_modules/@pepabo-inhouse/app-bar": {
      "version": "1.0.0",
      "resolved": "https://registry.npmjs.org/@pepabo-inhouse/app-bar/-/app-bar-1.0.0.tgz",
      "integrity": "sha512-6Ws2GHHUQuMCfjNTYt0W5errCSIjpjnwOXr6fxHe4xwE9Ox3d36m9qO1Ahzmpk34GG4Tf1NGCxVlckV0B7hXmQ==",
      "dependencies": {
        "@pepabo-inhouse/adapter": "^1.0.0",
        "@pepabo-inhouse/constants": "^1.0.0",
        "@pepabo-inhouse/header": "^1.0.0"
      }
    },
    "node_modules/@pepabo-inhouse/avatar": {
      "version": "1.0.0",
      "resolved": "https://registry.npmjs.org/@pepabo-inhouse/avatar/-/avatar-1.0.0.tgz",
      "integrity": "sha512-/xsWERp/upcHmdw1eNcqH9DBPV9pSV1maT9QqdA8K8m9jp+9vzEAaakHfN+Y5lhou0OTtMR2JTPxHgwKmeumVw==",
      "dependencies": {
        "@pepabo-inhouse/adapter": "^1.0.0",
        "@pepabo-inhouse/skeleton": "^1.0.0"
      }
    },
    "node_modules/@pepabo-inhouse/bottom-navigation": {
      "version": "1.0.0",
      "resolved": "https://registry.npmjs.org/@pepabo-inhouse/bottom-navigation/-/bottom-navigation-1.0.0.tgz",
      "integrity": "sha512-D6Bs5iXf6vxlnqJ6y2ST24o95jNpByZ57w6bNTlKaMm2v1OMKQ24yuNfxoLT/HmTeHuJzJGcS1SLQFtXRuBrOg==",
      "dependencies": {
        "@pepabo-inhouse/adapter": "^1.0.0"
      }
    },
    "node_modules/@pepabo-inhouse/button": {
      "version": "1.0.0",
      "resolved": "https://registry.npmjs.org/@pepabo-inhouse/button/-/button-1.0.0.tgz",
      "integrity": "sha512-pwvcT7QAZUAEXvq3ADGLpD6R4tveQ6rc6J9BPR1EGuyydTZXQQ1DbVQCl1iJjxP+G0t7OhUaC8117WC3yUHdyA==",
      "dependencies": {
        "@pepabo-inhouse/adapter": "^1.0.0",
        "@pepabo-inhouse/icon": "^1.0.0",
        "@pepabo-inhouse/skeleton": "^1.0.0"
      }
    },
    "node_modules/@pepabo-inhouse/cell": {
      "version": "1.0.0",
      "resolved": "https://registry.npmjs.org/@pepabo-inhouse/cell/-/cell-1.0.0.tgz",
      "integrity": "sha512-MisePf3wcQXfMzGHWI5t/X0DVEubGG2D0xMDXpMecD2cdLRYCbT+1vvpf2Lrtch3S/+pqemrxANo1LzU3zTcEQ==",
      "dependencies": {
        "@pepabo-inhouse/adapter": "^1.0.0"
      }
    },
    "node_modules/@pepabo-inhouse/checkbox": {
      "version": "1.0.0",
      "resolved": "https://registry.npmjs.org/@pepabo-inhouse/checkbox/-/checkbox-1.0.0.tgz",
      "integrity": "sha512-3E7heHxy6CKVn+0Dul5VXc6RxSUttK7YWCyRo9eW97l7a1wAUpZS0xcK028I6ZiJiu+X4J1bQbzhrsh8QYFrKg==",
      "dependencies": {
        "@pepabo-inhouse/adapter": "^1.0.0",
        "@pepabo-inhouse/icon": "^1.0.0",
        "@pepabo-inhouse/skeleton": "^1.0.0"
      }
    },
    "node_modules/@pepabo-inhouse/components-web": {
      "version": "1.0.0",
      "resolved": "https://registry.npmjs.org/@pepabo-inhouse/components-web/-/components-web-1.0.0.tgz",
      "integrity": "sha512-Dxk2s7D0EY8PhNG0zyhrJ0yjZtp1l3eK1wcJHUFWflvQ2VEZ2ImrLPxVChzrpQxWCBKb0AM5vZBuS9i8TrMPbg=="
    },
    "node_modules/@pepabo-inhouse/constants": {
      "version": "1.0.0",
      "resolved": "https://registry.npmjs.org/@pepabo-inhouse/constants/-/constants-1.0.0.tgz",
      "integrity": "sha512-qxj3mDXfv0D3Nv3wDpSI4Hdzy+kRU5q9LtppvxYAsiqYWegGr3OvulFjjOEdCSdjKfpufE/KYLwuXm7lWbU0fg=="
    },
    "node_modules/@pepabo-inhouse/container": {
      "version": "1.0.0",
      "resolved": "https://registry.npmjs.org/@pepabo-inhouse/container/-/container-1.0.0.tgz",
      "integrity": "sha512-RKPoXg/ZfxLfPGdnwYGu/E7buxlCycPDYHv8wd61o3VTYw3xJBwnNmHBAkEF1KF8K5/1NL5ySXLLk9ZhgV6PSg==",
      "dependencies": {
        "@pepabo-inhouse/adapter": "^1.0.0"
      }
    },
    "node_modules/@pepabo-inhouse/description-list": {
      "version": "1.0.0",
      "resolved": "https://registry.npmjs.org/@pepabo-inhouse/description-list/-/description-list-1.0.0.tgz",
      "integrity": "sha512-Js42lf18cEzdVlLl01ndj9fwjNTF/SLHYj5cxUj+ujeYVtu0sZRCw/ySp9+AmFNWtuIk+P2Gl3pVkPk9MqUqBQ==",
      "dependencies": {
        "@pepabo-inhouse/adapter": "^1.0.0",
        "@pepabo-inhouse/cell": "^1.0.0",
        "@pepabo-inhouse/icon": "^1.0.0"
      }
    },
    "node_modules/@pepabo-inhouse/flavor": {
      "version": "1.0.0",
      "resolved": "https://registry.npmjs.org/@pepabo-inhouse/flavor/-/flavor-1.0.0.tgz",
      "integrity": "sha512-HT+hb35PM+hW3hxuXSj9tillO6Jigg02/pXFJH9Rmy2081I+mo7wWp9a4DFsFKeQQnCdOBUMiih6On5rFMOMBg==",
      "dependencies": {
        "@pepabo-inhouse/tokens": "^0.14.0"
      }
    },
    "node_modules/@pepabo-inhouse/grid": {
      "version": "1.0.0",
      "resolved": "https://registry.npmjs.org/@pepabo-inhouse/grid/-/grid-1.0.0.tgz",
      "integrity": "sha512-coO72Z5hUGuFcRqwohq3G8RtFPmFsadd5ZbmlpxCyYJR52nH5gPZCrDMazzN3rSGY4apqESyIX5LkuL2fUb6dw==",
      "dependencies": {
        "@pepabo-inhouse/adapter": "^1.0.0",
        "@pepabo-inhouse/container": "^1.0.0"
      }
    },
    "node_modules/@pepabo-inhouse/header": {
      "version": "1.0.0",
      "resolved": "https://registry.npmjs.org/@pepabo-inhouse/header/-/header-1.0.0.tgz",
      "integrity": "sha512-d6IX+Ys2yn/oWRVNpH9d3Lf+kyJpchrm10+gmbLF7XhqCa/OeUoxsQaOlChSmQs3zYh5PzUJWLmNxeL6E0UocA==",
      "dependencies": {
        "@pepabo-inhouse/adapter": "^1.0.0"
      }
    },
    "node_modules/@pepabo-inhouse/icon": {
      "version": "1.0.0",
      "resolved": "https://registry.npmjs.org/@pepabo-inhouse/icon/-/icon-1.0.0.tgz",
      "integrity": "sha512-uD38fSZtjrA+i4dOALbj9PES9VIPZnlsUx5oZEZ+asVKpuCY2WkoneYbU+d5lPgSc83MFxJhuPqmg25UA3Cxtw==",
      "dependencies": {
        "@pepabo-inhouse/adapter": "^1.0.0"
      }
    },
    "node_modules/@pepabo-inhouse/interactive-list": {
      "version": "1.0.0",
      "resolved": "https://registry.npmjs.org/@pepabo-inhouse/interactive-list/-/interactive-list-1.0.0.tgz",
      "integrity": "sha512-BmrJctbT8pF6Mf0OhNx2vHsWcBS6A9BA7zAXz279engArnr9IfBspdzCtjGXcQntEcuLS6PZ7tB6pVf/XFDedg==",
      "dependencies": {
        "@pepabo-inhouse/adapter": "^1.0.0",
        "@pepabo-inhouse/cell": "^1.0.0",
        "@pepabo-inhouse/icon": "^1.0.0",
        "@pepabo-inhouse/skeleton": "^1.0.0",
        "@pepabo-inhouse/thumbnail": "^1.0.0"
      }
    },
    "node_modules/@pepabo-inhouse/interactive-table": {
      "version": "1.0.0",
      "resolved": "https://registry.npmjs.org/@pepabo-inhouse/interactive-table/-/interactive-table-1.0.0.tgz",
      "integrity": "sha512-V38KMcy7QUlUzD3YW2PzBR1AXNuY5OEcpZ2M15Jgc6WdGWEvobrGL9/mLfiYEIZHTycKHHM+dYKdRFFV5gj86Q==",
      "dependencies": {
        "@pepabo-inhouse/adapter": "^1.0.0",
        "@pepabo-inhouse/cell": "^1.0.0",
        "@pepabo-inhouse/skeleton": "^1.0.0",
        "@pepabo-inhouse/thumbnail": "^1.0.0"
      }
    },
    "node_modules/@pepabo-inhouse/list": {
      "version": "1.0.0",
      "resolved": "https://registry.npmjs.org/@pepabo-inhouse/list/-/list-1.0.0.tgz",
      "integrity": "sha512-r+blZ0pLwucbKuMqriH6KsWWLhTu/xpyH29ZPqa395q9hVKFaUuOJ21fkBef37WdnHVBcCNWL7pPHfEfEDGuqw==",
      "dependencies": {
        "@pepabo-inhouse/adapter": "^1.0.0",
        "@pepabo-inhouse/cell": "^1.0.0",
        "@pepabo-inhouse/icon": "^1.0.0"
      }
    },
    "node_modules/@pepabo-inhouse/navigation-drawer": {
      "version": "1.0.0",
      "resolved": "https://registry.npmjs.org/@pepabo-inhouse/navigation-drawer/-/navigation-drawer-1.0.0.tgz",
      "integrity": "sha512-VBP1vGxvUT8BvyYWQgtThM5SVy8I+AMmPEoJ+yYn4W7KB4r5HZTR+tizJnCYHv5690EeOUTxzzPS+VeYsVs+MQ==",
      "dependencies": {
        "@pepabo-inhouse/adapter": "^1.0.0",
        "@pepabo-inhouse/header": "^1.0.0",
        "@pepabo-inhouse/scrim": "^1.0.0"
      }
    },
    "node_modules/@pepabo-inhouse/progress-indicator": {
      "version": "1.0.0",
      "resolved": "https://registry.npmjs.org/@pepabo-inhouse/progress-indicator/-/progress-indicator-1.0.0.tgz",
      "integrity": "sha512-qMHoJczXm8UHIihZnbiDrfPsvwPESvWaLnmiPGj7aeyYdQ6eUVhPsSxMG0zuVkXH7zgfIdNPJq6ucwXOkxwgYg==",
      "dependencies": {
        "@pepabo-inhouse/adapter": "^1.0.0"
      }
    },
    "node_modules/@pepabo-inhouse/radio": {
      "version": "1.0.0",
      "resolved": "https://registry.npmjs.org/@pepabo-inhouse/radio/-/radio-1.0.0.tgz",
      "integrity": "sha512-WeQQ8VzDc2oIbbbZDjusB8EseONB3EXbsK0FI1TBbKESDlR6xBWd5G9+V4kK3NULZH2VfK5JM4Wx6VpFzuQCQA==",
      "dependencies": {
        "@pepabo-inhouse/adapter": "^1.0.0",
        "@pepabo-inhouse/icon": "^1.0.0",
        "@pepabo-inhouse/skeleton": "^1.0.0"
      }
    },
    "node_modules/@pepabo-inhouse/scrim": {
      "version": "1.0.0",
      "resolved": "https://registry.npmjs.org/@pepabo-inhouse/scrim/-/scrim-1.0.0.tgz",
      "integrity": "sha512-mR8idjndQlRbbwcBGJZgVx0wXaBzkE3AyAyovLgvgP3/duaTYcRETSU3xNnxOvOUssibqbACP3zRkkpe91V4Yg==",
      "dependencies": {
        "@pepabo-inhouse/adapter": "^1.0.0"
      }
    },
    "node_modules/@pepabo-inhouse/select": {
      "version": "1.0.0",
      "resolved": "https://registry.npmjs.org/@pepabo-inhouse/select/-/select-1.0.0.tgz",
      "integrity": "sha512-XXgZAR4MnV1fehEqp7+s6bmau0xtKoRfKF82Rq4wJz7gQufe8+nCHRmtEMlEXnwF+7u2OxkfbM0keqwBXXjtCQ==",
      "dependencies": {
        "@pepabo-inhouse/adapter": "^1.0.0"
      }
    },
    "node_modules/@pepabo-inhouse/side-navigation": {
      "version": "1.0.0",
      "resolved": "https://registry.npmjs.org/@pepabo-inhouse/side-navigation/-/side-navigation-1.0.0.tgz",
      "integrity": "sha512-CfHhP0rc7n9QDKZLqwaC/NO1TJPvbCGj6bOrOxnVcmoLD3Qwn5k3DfWCUCionasyDZHosZIdM4cZ1Jf/OQRLWw==",
      "dependencies": {
        "@pepabo-inhouse/adapter": "^1.0.0"
      }
    },
    "node_modules/@pepabo-inhouse/skeleton": {
      "version": "1.0.0",
      "resolved": "https://registry.npmjs.org/@pepabo-inhouse/skeleton/-/skeleton-1.0.0.tgz",
      "integrity": "sha512-rphiZtvu98xyjInqkF6X8N6vy9uRDLP/ecVb8nl6Y9BEL4dv68oz/CtghM5DbUT3TYWnhpxb4UJWYAHu3UV9Hw==",
      "dependencies": {
        "@pepabo-inhouse/adapter": "^1.0.0"
      }
    },
    "node_modules/@pepabo-inhouse/table": {
      "version": "1.0.0",
      "resolved": "https://registry.npmjs.org/@pepabo-inhouse/table/-/table-1.0.0.tgz",
      "integrity": "sha512-Q6JkplWI2WgYUpukJ/y6OtJjtlAyUnw+w4okvpZwMvSznmGT1cWkH8BYUElx5w7Hu/y9IS1s/RGfRnFUfk9EJQ==",
      "dependencies": {
        "@pepabo-inhouse/adapter": "^1.0.0",
        "@pepabo-inhouse/cell": "^1.0.0"
      }
    },
    "node_modules/@pepabo-inhouse/textfield": {
      "version": "1.0.0",
      "resolved": "https://registry.npmjs.org/@pepabo-inhouse/textfield/-/textfield-1.0.0.tgz",
      "integrity": "sha512-+tNUoJKzP9SULU4VYhRsxo3E4V3Os+PZviRNb6FnqYOsliexQskGzC2zX9eBLITbpvtMDFwCmDzaMTDIOi9Wpw==",
      "dependencies": {
        "@pepabo-inhouse/adapter": "^1.0.0"
      }
    },
    "node_modules/@pepabo-inhouse/thumbnail": {
      "version": "1.0.0",
      "resolved": "https://registry.npmjs.org/@pepabo-inhouse/thumbnail/-/thumbnail-1.0.0.tgz",
      "integrity": "sha512-bC5ATrARgMI/1rjUwIt7irsjHC9Nx7Qv6OXJWLw2WNL1SlK1lxg7cp0siOxCxeEd6VYr9aQi8un31kQq/gha1w==",
      "dependencies": {
        "@pepabo-inhouse/adapter": "^1.0.0",
        "@pepabo-inhouse/skeleton": "^1.0.0"
      }
    },
    "node_modules/@pepabo-inhouse/tokens": {
      "version": "0.14.0",
      "resolved": "https://registry.npmjs.org/@pepabo-inhouse/tokens/-/tokens-0.14.0.tgz",
      "integrity": "sha512-UNVcZ1L5rjSVfUyNlslRP17uzij8ImlBjmY5rUoZ/eP9D1C6YzT+R/ajq7U6M5znWzVH2HaxLVH5iUL5zi2Z8w=="
    },
    "node_modules/anymatch": {
      "version": "3.1.3",
      "license": "ISC",
      "dependencies": {
        "normalize-path": "^3.0.0",
        "picomatch": "^2.0.4"
      },
      "engines": {
        "node": ">= 8"
      }
    },
    "node_modules/binary-extensions": {
      "version": "2.3.0",
      "license": "MIT",
      "engines": {
        "node": ">=8"
      },
      "funding": {
        "url": "https://github.com/sponsors/sindresorhus"
      }
    },
    "node_modules/braces": {
      "version": "3.0.2",
      "license": "MIT",
      "dependencies": {
        "fill-range": "^7.0.1"
      },
      "engines": {
        "node": ">=8"
      }
    },
    "node_modules/chokidar": {
      "version": "3.6.0",
      "license": "MIT",
      "dependencies": {
        "anymatch": "~3.1.2",
        "braces": "~3.0.2",
        "glob-parent": "~5.1.2",
        "is-binary-path": "~2.1.0",
        "is-glob": "~4.0.1",
        "normalize-path": "~3.0.0",
        "readdirp": "~3.6.0"
      },
      "engines": {
        "node": ">= 8.10.0"
      },
      "funding": {
        "url": "https://paulmillr.com/funding/"
      },
      "optionalDependencies": {
        "fsevents": "~2.3.2"
      }
    },
    "node_modules/fill-range": {
      "version": "7.0.1",
      "license": "MIT",
      "dependencies": {
        "to-regex-range": "^5.0.1"
      },
      "engines": {
        "node": ">=8"
      }
    },
    "node_modules/fsevents": {
      "version": "2.3.3",
      "license": "MIT",
      "optional": true,
      "os": [
        "darwin"
      ],
      "engines": {
        "node": "^8.16.0 || ^10.6.0 || >=11.0.0"
      }
    },
    "node_modules/glob-parent": {
      "version": "5.1.2",
      "license": "ISC",
      "dependencies": {
        "is-glob": "^4.0.1"
      },
      "engines": {
        "node": ">= 6"
      }
    },
    "node_modules/immutable": {
      "version": "4.3.5",
      "license": "MIT"
    },
    "node_modules/is-binary-path": {
      "version": "2.1.0",
      "license": "MIT",
      "dependencies": {
        "binary-extensions": "^2.0.0"
      },
      "engines": {
        "node": ">=8"
      }
    },
    "node_modules/is-extglob": {
      "version": "2.1.1",
      "license": "MIT",
      "engines": {
        "node": ">=0.10.0"
      }
    },
    "node_modules/is-glob": {
      "version": "4.0.3",
      "license": "MIT",
      "dependencies": {
        "is-extglob": "^2.1.1"
      },
      "engines": {
        "node": ">=0.10.0"
      }
    },
    "node_modules/is-number": {
      "version": "7.0.0",
      "license": "MIT",
      "engines": {
        "node": ">=0.12.0"
      }
    },
    "node_modules/normalize-path": {
      "version": "3.0.0",
      "license": "MIT",
      "engines": {
        "node": ">=0.10.0"
      }
    },
    "node_modules/picomatch": {
      "version": "2.3.1",
      "license": "MIT",
      "engines": {
        "node": ">=8.6"
      },
      "funding": {
        "url": "https://github.com/sponsors/jonschlinkert"
      }
    },
    "node_modules/readdirp": {
      "version": "3.6.0",
      "license": "MIT",
      "dependencies": {
        "picomatch": "^2.2.1"
      },
      "engines": {
        "node": ">=8.10.0"
      }
    },
    "node_modules/sass": {
      "version": "1.72.0",
      "license": "MIT",
      "dependencies": {
        "chokidar": ">=3.0.0 <4.0.0",
        "immutable": "^4.0.0",
        "source-map-js": ">=0.6.2 <2.0.0"
      },
      "bin": {
        "sass": "sass.js"
      },
      "engines": {
        "node": ">=14.0.0"
      }
    },
    "node_modules/source-map-js": {
      "version": "1.2.0",
      "license": "BSD-3-Clause",
      "engines": {
        "node": ">=0.10.0"
      }
    },
    "node_modules/to-regex-range": {
      "version": "5.0.1",
      "license": "MIT",
      "dependencies": {
        "is-number": "^7.0.0"
      },
      "engines": {
        "node": ">=8.0"
      }
    }
  }
}
